// !$*UTF8*$!
{
	archiveVersion = 1;
	classes = {
	};
	objectVersion = 46;
	objects = {

/* Begin PBXBuildFile section */
		B31AE9451CE6F9500044DC92 /* AppDelegate.swift in Sources */ = {isa = PBXBuildFile; fileRef = B31AE9441CE6F9500044DC92 /* AppDelegate.swift */; };
		B31AE9471CE6F9500044DC92 /* MasterViewController.swift in Sources */ = {isa = PBXBuildFile; fileRef = B31AE9461CE6F9500044DC92 /* MasterViewController.swift */; };
		B31AE9491CE6F9500044DC92 /* DetailViewController.swift in Sources */ = {isa = PBXBuildFile; fileRef = B31AE9481CE6F9500044DC92 /* DetailViewController.swift */; };
		B31AE94C1CE6F9500044DC92 /* Main.storyboard in Resources */ = {isa = PBXBuildFile; fileRef = B31AE94A1CE6F9500044DC92 /* Main.storyboard */; };
		B31AE94E1CE6F9500044DC92 /* Assets.xcassets in Resources */ = {isa = PBXBuildFile; fileRef = B31AE94D1CE6F9500044DC92 /* Assets.xcassets */; };
		B31AE9511CE6F9500044DC92 /* LaunchScreen.storyboard in Resources */ = {isa = PBXBuildFile; fileRef = B31AE94F1CE6F9500044DC92 /* LaunchScreen.storyboard */; };
		B31AE95C1CE6F9500044DC92 /* test_paop_apTests.swift in Sources */ = {isa = PBXBuildFile; fileRef = B31AE95B1CE6F9500044DC92 /* test_paop_apTests.swift */; };
		B31AE9671CE6F9500044DC92 /* test_paop_apUITests.swift in Sources */ = {isa = PBXBuildFile; fileRef = B31AE9661CE6F9500044DC92 /* test_paop_apUITests.swift */; };
/* End PBXBuildFile section */

/* Begin PBXContainerItemProxy section */
		B31AE9581CE6F9500044DC92 /* PBXContainerItemProxy */ = {
			isa = PBXContainerItemProxy;
			containerPortal = B31AE9391CE6F9500044DC92 /* Project object */;
			proxyType = 1;
			remoteGlobalIDString = B31AE9401CE6F9500044DC92;
			remoteInfo = test_paop_ap;
		};
		B31AE9631CE6F9500044DC92 /* PBXContainerItemProxy */ = {
			isa = PBXContainerItemProxy;
			containerPortal = B31AE9391CE6F9500044DC92 /* Project object */;
			proxyType = 1;
			remoteGlobalIDString = B31AE9401CE6F9500044DC92;
			remoteInfo = test_paop_ap;
		};
/* End PBXContainerItemProxy section */

/* Begin PBXFileReference section */
		B31AE9411CE6F9500044DC92 /* test_paop_ap.app */ = {isa = PBXFileReference; explicitFileType = wrapper.application; includeInIndex = 0; path = test_paop_ap.app; sourceTree = BUILT_PRODUCTS_DIR; };
		B31AE9441CE6F9500044DC92 /* AppDelegate.swift */ = {isa = PBXFileReference; lastKnownFileType = sourcecode.swift; path = AppDelegate.swift; sourceTree = "<group>"; };
		B31AE9461CE6F9500044DC92 /* MasterViewController.swift */ = {isa = PBXFileReference; lastKnownFileType = sourcecode.swift; path = MasterViewController.swift; sourceTree = "<group>"; };
		B31AE9481CE6F9500044DC92 /* DetailViewController.swift */ = {isa = PBXFileReference; lastKnownFileType = sourcecode.swift; path = DetailViewController.swift; sourceTree = "<group>"; };
		B31AE94B1CE6F9500044DC92 /* Base */ = {isa = PBXFileReference; lastKnownFileType = file.storyboard; name = Base; path = Base.lproj/Main.storyboard; sourceTree = "<group>"; };
		B31AE94D1CE6F9500044DC92 /* Assets.xcassets */ = {isa = PBXFileReference; lastKnownFileType = folder.assetcatalog; path = Assets.xcassets; sourceTree = "<group>"; };
		B31AE9501CE6F9500044DC92 /* Base */ = {isa = PBXFileReference; lastKnownFileType = file.storyboard; name = Base; path = Base.lproj/LaunchScreen.storyboard; sourceTree = "<group>"; };
		B31AE9521CE6F9500044DC92 /* Info.plist */ = {isa = PBXFileReference; lastKnownFileType = text.plist.xml; path = Info.plist; sourceTree = "<group>"; };
		B31AE9571CE6F9500044DC92 /* test_paop_apTests.xctest */ = {isa = PBXFileReference; explicitFileType = wrapper.cfbundle; includeInIndex = 0; path = test_paop_apTests.xctest; sourceTree = BUILT_PRODUCTS_DIR; };
		B31AE95B1CE6F9500044DC92 /* test_paop_apTests.swift */ = {isa = PBXFileReference; lastKnownFileType = sourcecode.swift; path = test_paop_apTests.swift; sourceTree = "<group>"; };
		B31AE95D1CE6F9500044DC92 /* Info.plist */ = {isa = PBXFileReference; lastKnownFileType = text.plist.xml; path = Info.plist; sourceTree = "<group>"; };
		B31AE9621CE6F9500044DC92 /* test_paop_apUITests.xctest */ = {isa = PBXFileReference; explicitFileType = wrapper.cfbundle; includeInIndex = 0; path = test_paop_apUITests.xctest; sourceTree = BUILT_PRODUCTS_DIR; };
		B31AE9661CE6F9500044DC92 /* test_paop_apUITests.swift */ = {isa = PBXFileReference; lastKnownFileType = sourcecode.swift; path = test_paop_apUITests.swift; sourceTree = "<group>"; };
		B31AE9681CE6F9500044DC92 /* Info.plist */ = {isa = PBXFileReference; lastKnownFileType = text.plist.xml; path = Info.plist; sourceTree = "<group>"; };
/* End PBXFileReference section */

/* Begin PBXFrameworksBuildPhase section */
		B31AE93E1CE6F9500044DC92 /* Frameworks */ = {
			isa = PBXFrameworksBuildPhase;
			buildActionMask = 2147483647;
			files = (
			);
			runOnlyForDeploymentPostprocessing = 0;
		};
		B31AE9541CE6F9500044DC92 /* Frameworks */ = {
			isa = PBXFrameworksBuildPhase;
			buildActionMask = 2147483647;
			files = (
			);
			runOnlyForDeploymentPostprocessing = 0;
		};
		B31AE95F1CE6F9500044DC92 /* Frameworks */ = {
			isa = PBXFrameworksBuildPhase;
			buildActionMask = 2147483647;
			files = (
			);
			runOnlyForDeploymentPostprocessing = 0;
		};
/* End PBXFrameworksBuildPhase section */

/* Begin PBXGroup section */
		B31AE9381CE6F9500044DC92 = {
			isa = PBXGroup;
			children = (
				B31AE9431CE6F9500044DC92 /* test_paop_ap */,
				B31AE95A1CE6F9500044DC92 /* test_paop_apTests */,
				B31AE9651CE6F9500044DC92 /* test_paop_apUITests */,
				B31AE9421CE6F9500044DC92 /* Products */,
			);
			sourceTree = "<group>";
		};
		B31AE9421CE6F9500044DC92 /* Products */ = {
			isa = PBXGroup;
			children = (
				B31AE9411CE6F9500044DC92 /* test_paop_ap.app */,
				B31AE9571CE6F9500044DC92 /* test_paop_apTests.xctest */,
				B31AE9621CE6F9500044DC92 /* test_paop_apUITests.xctest */,
			);
			name = Products;
			sourceTree = "<group>";
		};
		B31AE9431CE6F9500044DC92 /* test_paop_ap */ = {
			isa = PBXGroup;
			children = (
				B31AE9441CE6F9500044DC92 /* AppDelegate.swift */,
				B31AE9461CE6F9500044DC92 /* MasterViewController.swift */,
				B31AE9481CE6F9500044DC92 /* DetailViewController.swift */,
				B31AE94A1CE6F9500044DC92 /* Main.storyboard */,
				B31AE94D1CE6F9500044DC92 /* Assets.xcassets */,
				B31AE94F1CE6F9500044DC92 /* LaunchScreen.storyboard */,
				B31AE9521CE6F9500044DC92 /* Info.plist */,
			);
			path = test_paop_ap;
			sourceTree = "<group>";
		};
		B31AE95A1CE6F9500044DC92 /* test_paop_apTests */ = {
			isa = PBXGroup;
			children = (
				B31AE95B1CE6F9500044DC92 /* test_paop_apTests.swift */,
				B31AE95D1CE6F9500044DC92 /* Info.plist */,
			);
			path = test_paop_apTests;
			sourceTree = "<group>";
		};
		B31AE9651CE6F9500044DC92 /* test_paop_apUITests */ = {
			isa = PBXGroup;
			children = (
				B31AE9661CE6F9500044DC92 /* test_paop_apUITests.swift */,
				B31AE9681CE6F9500044DC92 /* Info.plist */,
			);
			path = test_paop_apUITests;
			sourceTree = "<group>";
		};
/* End PBXGroup section */

/* Begin PBXNativeTarget section */
		B31AE9401CE6F9500044DC92 /* test_paop_ap */ = {
			isa = PBXNativeTarget;
			buildConfigurationList = B31AE96B1CE6F9500044DC92 /* Build configuration list for PBXNativeTarget "test_paop_ap" */;
			buildPhases = (
				B31AE93D1CE6F9500044DC92 /* Sources */,
				B31AE93E1CE6F9500044DC92 /* Frameworks */,
				B31AE93F1CE6F9500044DC92 /* Resources */,
			);
			buildRules = (
			);
			dependencies = (
			);
			name = test_paop_ap;
			productName = test_paop_ap;
			productReference = B31AE9411CE6F9500044DC92 /* test_paop_ap.app */;
			productType = "com.apple.product-type.application";
		};
		B31AE9561CE6F9500044DC92 /* test_paop_apTests */ = {
			isa = PBXNativeTarget;
			buildConfigurationList = B31AE96E1CE6F9500044DC92 /* Build configuration list for PBXNativeTarget "test_paop_apTests" */;
			buildPhases = (
				B31AE9531CE6F9500044DC92 /* Sources */,
				B31AE9541CE6F9500044DC92 /* Frameworks */,
				B31AE9551CE6F9500044DC92 /* Resources */,
			);
			buildRules = (
			);
			dependencies = (
				B31AE9591CE6F9500044DC92 /* PBXTargetDependency */,
			);
			name = test_paop_apTests;
			productName = test_paop_apTests;
			productReference = B31AE9571CE6F9500044DC92 /* test_paop_apTests.xctest */;
			productType = "com.apple.product-type.bundle.unit-test";
		};
		B31AE9611CE6F9500044DC92 /* test_paop_apUITests */ = {
			isa = PBXNativeTarget;
			buildConfigurationList = B31AE9711CE6F9500044DC92 /* Build configuration list for PBXNativeTarget "test_paop_apUITests" */;
			buildPhases = (
				B31AE95E1CE6F9500044DC92 /* Sources */,
				B31AE95F1CE6F9500044DC92 /* Frameworks */,
				B31AE9601CE6F9500044DC92 /* Resources */,
			);
			buildRules = (
			);
			dependencies = (
				B31AE9641CE6F9500044DC92 /* PBXTargetDependency */,
			);
			name = test_paop_apUITests;
			productName = test_paop_apUITests;
			productReference = B31AE9621CE6F9500044DC92 /* test_paop_apUITests.xctest */;
			productType = "com.apple.product-type.bundle.ui-testing";
		};
/* End PBXNativeTarget section */

/* Begin PBXProject section */
		B31AE9391CE6F9500044DC92 /* Project object */ = {
			isa = PBXProject;
			attributes = {
				LastSwiftUpdateCheck = 0730;
				LastUpgradeCheck = 0730;
				ORGANIZATIONNAME = "橋本宙";
				TargetAttributes = {
					B31AE9401CE6F9500044DC92 = {
						CreatedOnToolsVersion = 7.3.1;
					};
					B31AE9561CE6F9500044DC92 = {
						CreatedOnToolsVersion = 7.3.1;
						TestTargetID = B31AE9401CE6F9500044DC92;
					};
					B31AE9611CE6F9500044DC92 = {
						CreatedOnToolsVersion = 7.3.1;
						TestTargetID = B31AE9401CE6F9500044DC92;
					};
				};
			};
			buildConfigurationList = B31AE93C1CE6F9500044DC92 /* Build configuration list for PBXProject "test_paop_ap" */;
			compatibilityVersion = "Xcode 3.2";
			developmentRegion = English;
			hasScannedForEncodings = 0;
			knownRegions = (
				en,
				Base,
			);
			mainGroup = B31AE9381CE6F9500044DC92;
			productRefGroup = B31AE9421CE6F9500044DC92 /* Products */;
			projectDirPath = "";
			projectRoot = "";
			targets = (
				B31AE9401CE6F9500044DC92 /* test_paop_ap */,
				B31AE9561CE6F9500044DC92 /* test_paop_apTests */,
				B31AE9611CE6F9500044DC92 /* test_paop_apUITests */,
			);
		};
/* End PBXProject section */

/* Begin PBXResourcesBuildPhase section */
		B31AE93F1CE6F9500044DC92 /* Resources */ = {
			isa = PBXResourcesBuildPhase;
			buildActionMask = 2147483647;
			files = (
				B31AE9511CE6F9500044DC92 /* LaunchScreen.storyboard in Resources */,
				B31AE94E1CE6F9500044DC92 /* Assets.xcassets in Resources */,
				B31AE94C1CE6F9500044DC92 /* Main.storyboard in Resources */,
			);
			runOnlyForDeploymentPostprocessing = 0;
		};
		B31AE9551CE6F9500044DC92 /* Resources */ = {
			isa = PBXResourcesBuildPhase;
			buildActionMask = 2147483647;
			files = (
			);
			runOnlyForDeploymentPostprocessing = 0;
		};
		B31AE9601CE6F9500044DC92 /* Resources */ = {
			isa = PBXResourcesBuildPhase;
			buildActionMask = 2147483647;
			files = (
			);
			runOnlyForDeploymentPostprocessing = 0;
		};
/* End PBXResourcesBuildPhase section */

/* Begin PBXSourcesBuildPhase section */
		B31AE93D1CE6F9500044DC92 /* Sources */ = {
			isa = PBXSourcesBuildPhase;
			buildActionMask = 2147483647;
			files = (
				B31AE9491CE6F9500044DC92 /* DetailViewController.swift in Sources */,
				B31AE9471CE6F9500044DC92 /* MasterViewController.swift in Sources */,
				B31AE9451CE6F9500044DC92 /* AppDelegate.swift in Sources */,
			);
			runOnlyForDeploymentPostprocessing = 0;
		};
		B31AE9531CE6F9500044DC92 /* Sources */ = {
			isa = PBXSourcesBuildPhase;
			buildActionMask = 2147483647;
			files = (
				B31AE95C1CE6F9500044DC92 /* test_paop_apTests.swift in Sources */,
			);
			runOnlyForDeploymentPostprocessing = 0;
		};
		B31AE95E1CE6F9500044DC92 /* Sources */ = {
			isa = PBXSourcesBuildPhase;
			buildActionMask = 2147483647;
			files = (
				B31AE9671CE6F9500044DC92 /* test_paop_apUITests.swift in Sources */,
			);
			runOnlyForDeploymentPostprocessing = 0;
		};
/* End PBXSourcesBuildPhase section */

/* Begin PBXTargetDependency section */
		B31AE9591CE6F9500044DC92 /* PBXTargetDependency */ = {
			isa = PBXTargetDependency;
			target = B31AE9401CE6F9500044DC92 /* test_paop_ap */;
			targetProxy = B31AE9581CE6F9500044DC92 /* PBXContainerItemProxy */;
		};
		B31AE9641CE6F9500044DC92 /* PBXTargetDependency */ = {
			isa = PBXTargetDependency;
			target = B31AE9401CE6F9500044DC92 /* test_paop_ap */;
			targetProxy = B31AE9631CE6F9500044DC92 /* PBXContainerItemProxy */;
		};
/* End PBXTargetDependency section */

/* Begin PBXVariantGroup section */
		B31AE94A1CE6F9500044DC92 /* Main.storyboard */ = {
			isa = PBXVariantGroup;
			children = (
				B31AE94B1CE6F9500044DC92 /* Base */,
			);
			name = Main.storyboard;
			sourceTree = "<group>";
		};
		B31AE94F1CE6F9500044DC92 /* LaunchScreen.storyboard */ = {
			isa = PBXVariantGroup;
			children = (
				B31AE9501CE6F9500044DC92 /* Base */,
			);
			name = LaunchScreen.storyboard;
			sourceTree = "<group>";
		};
/* End PBXVariantGroup section */

/* Begin XCBuildConfiguration section */
		B31AE9691CE6F9500044DC92 /* Debug */ = {
			isa = XCBuildConfiguration;
			buildSettings = {
				ALWAYS_SEARCH_USER_PATHS = NO;
				CLANG_ANALYZER_NONNULL = YES;
				CLANG_CXX_LANGUAGE_STANDARD = "gnu++0x";
				CLANG_CXX_LIBRARY = "libc++";
				CLANG_ENABLE_MODULES = YES;
				CLANG_ENABLE_OBJC_ARC = YES;
				CLANG_WARN_BOOL_CONVERSION = YES;
				CLANG_WARN_CONSTANT_CONVERSION = YES;
				CLANG_WARN_DIRECT_OBJC_ISA_USAGE = YES_ERROR;
				CLANG_WARN_EMPTY_BODY = YES;
				CLANG_WARN_ENUM_CONVERSION = YES;
				CLANG_WARN_INT_CONVERSION = YES;
				CLANG_WARN_OBJC_ROOT_CLASS = YES_ERROR;
				CLANG_WARN_UNREACHABLE_CODE = YES;
				CLANG_WARN__DUPLICATE_METHOD_MATCH = YES;
				"CODE_SIGN_IDENTITY[sdk=iphoneos*]" = "iPhone Developer";
				COPY_PHASE_STRIP = NO;
				DEBUG_INFORMATION_FORMAT = dwarf;
				ENABLE_STRICT_OBJC_MSGSEND = YES;
				ENABLE_TESTABILITY = YES;
				GCC_C_LANGUAGE_STANDARD = gnu99;
				GCC_DYNAMIC_NO_PIC = NO;
				GCC_NO_COMMON_BLOCKS = YES;
				GCC_OPTIMIZATION_LEVEL = 0;
				GCC_PREPROCESSOR_DEFINITIONS = (
					"DEBUG=1",
					"$(inherited)",
				);
				GCC_WARN_64_TO_32_BIT_CONVERSION = YES;
				GCC_WARN_ABOUT_RETURN_TYPE = YES_ERROR;
				GCC_WARN_UNDECLARED_SELECTOR = YES;
				GCC_WARN_UNINITIALIZED_AUTOS = YES_AGGRESSIVE;
				GCC_WARN_UNUSED_FUNCTION = YES;
				GCC_WARN_UNUSED_VARIABLE = YES;
				IPHONEOS_DEPLOYMENT_TARGET = 9.3;
				MTL_ENABLE_DEBUG_INFO = YES;
				ONLY_ACTIVE_ARCH = YES;
				SDKROOT = iphoneos;
				SWIFT_OPTIMIZATION_LEVEL = "-Onone";
				TARGETED_DEVICE_FAMILY = "1,2";
			};
			name = Debug;
		};
		B31AE96A1CE6F9500044DC92 /* Release */ = {
			isa = XCBuildConfiguration;
			buildSettings = {
				ALWAYS_SEARCH_USER_PATHS = NO;
				CLANG_ANALYZER_NONNULL = YES;
				CLANG_CXX_LANGUAGE_STANDARD = "gnu++0x";
				CLANG_CXX_LIBRARY = "libc++";
				CLANG_ENABLE_MODULES = YES;
				CLANG_ENABLE_OBJC_ARC = YES;
				CLANG_WARN_BOOL_CONVERSION = YES;
				CLANG_WARN_CONSTANT_CONVERSION = YES;
				CLANG_WARN_DIRECT_OBJC_ISA_USAGE = YES_ERROR;
				CLANG_WARN_EMPTY_BODY = YES;
				CLANG_WARN_ENUM_CONVERSION = YES;
				CLANG_WARN_INT_CONVERSION = YES;
				CLANG_WARN_OBJC_ROOT_CLASS = YES_ERROR;
				CLANG_WARN_UNREACHABLE_CODE = YES;
				CLANG_WARN__DUPLICATE_METHOD_MATCH = YES;
				"CODE_SIGN_IDENTITY[sdk=iphoneos*]" = "iPhone Developer";
				COPY_PHASE_STRIP = NO;
				DEBUG_INFORMATION_FORMAT = "dwarf-with-dsym";
				ENABLE_NS_ASSERTIONS = NO;
				ENABLE_STRICT_OBJC_MSGSEND = YES;
				GCC_C_LANGUAGE_STANDARD = gnu99;
				GCC_NO_COMMON_BLOCKS = YES;
				GCC_WARN_64_TO_32_BIT_CONVERSION = YES;
				GCC_WARN_ABOUT_RETURN_TYPE = YES_ERROR;
				GCC_WARN_UNDECLARED_SELECTOR = YES;
				GCC_WARN_UNINITIALIZED_AUTOS = YES_AGGRESSIVE;
				GCC_WARN_UNUSED_FUNCTION = YES;
				GCC_WARN_UNUSED_VARIABLE = YES;
				IPHONEOS_DEPLOYMENT_TARGET = 9.3;
				MTL_ENABLE_DEBUG_INFO = NO;
				SDKROOT = iphoneos;
				TARGETED_DEVICE_FAMILY = "1,2";
				VALIDATE_PRODUCT = YES;
			};
			name = Release;
		};
		B31AE96C1CE6F9500044DC92 /* Debug */ = {
			isa = XCBuildConfiguration;
			buildSettings = {
				ASSETCATALOG_COMPILER_APPICON_NAME = AppIcon;
				INFOPLIST_FILE = test_paop_ap/Info.plist;
				LD_RUNPATH_SEARCH_PATHS = "$(inherited) @executable_path/Frameworks";
				PRODUCT_BUNDLE_IDENTIFIER = "com.paop.test-paop-ap";
				PRODUCT_NAME = "$(TARGET_NAME)";
			};
			name = Debug;
		};
		B31AE96D1CE6F9500044DC92 /* Release */ = {
			isa = XCBuildConfiguration;
			buildSettings = {
				ASSETCATALOG_COMPILER_APPICON_NAME = AppIcon;
				INFOPLIST_FILE = test_paop_ap/Info.plist;
				LD_RUNPATH_SEARCH_PATHS = "$(inherited) @executable_path/Frameworks";
				PRODUCT_BUNDLE_IDENTIFIER = "com.paop.test-paop-ap";
				PRODUCT_NAME = "$(TARGET_NAME)";
			};
			name = Release;
		};
		B31AE96F1CE6F9500044DC92 /* Debug */ = {
			isa = XCBuildConfiguration;
			buildSettings = {
				BUNDLE_LOADER = "$(TEST_HOST)";
				INFOPLIST_FILE = test_paop_apTests/Info.plist;
				LD_RUNPATH_SEARCH_PATHS = "$(inherited) @executable_path/Frameworks @loader_path/Frameworks";
				PRODUCT_BUNDLE_IDENTIFIER = "com.paop.test-paop-apTests";
				PRODUCT_NAME = "$(TARGET_NAME)";
				TEST_HOST = "$(BUILT_PRODUCTS_DIR)/test_paop_ap.app/test_paop_ap";
			};
			name = Debug;
		};
		B31AE9701CE6F9500044DC92 /* Release */ = {
			isa = XCBuildConfiguration;
			buildSettings = {
				BUNDLE_LOADER = "$(TEST_HOST)";
				INFOPLIST_FILE = test_paop_apTests/Info.plist;
				LD_RUNPATH_SEARCH_PATHS = "$(inherited) @executable_path/Frameworks @loader_path/Frameworks";
				PRODUCT_BUNDLE_IDENTIFIER = "com.paop.test-paop-apTests";
				PRODUCT_NAME = "$(TARGET_NAME)";
				TEST_HOST = "$(BUILT_PRODUCTS_DIR)/test_paop_ap.app/test_paop_ap";
			};
			name = Release;
		};
		B31AE9721CE6F9500044DC92 /* Debug */ = {
			isa = XCBuildConfiguration;
			buildSettings = {
				INFOPLIST_FILE = test_paop_apUITests/Info.plist;
				LD_RUNPATH_SEARCH_PATHS = "$(inherited) @executable_path/Frameworks @loader_path/Frameworks";
				PRODUCT_BUNDLE_IDENTIFIER = "com.paop.test-paop-apUITests";
				PRODUCT_NAME = "$(TARGET_NAME)";
				TEST_TARGET_NAME = test_paop_ap;
			};
			name = Debug;
		};
		B31AE9731CE6F9500044DC92 /* Release */ = {
			isa = XCBuildConfiguration;
			buildSettings = {
				INFOPLIST_FILE = test_paop_apUITests/Info.plist;
				LD_RUNPATH_SEARCH_PATHS = "$(inherited) @executable_path/Frameworks @loader_path/Frameworks";
				PRODUCT_BUNDLE_IDENTIFIER = "com.paop.test-paop-apUITests";
				PRODUCT_NAME = "$(TARGET_NAME)";
				TEST_TARGET_NAME = test_paop_ap;
			};
			name = Release;
		};
/* End XCBuildConfiguration section */

/* Begin XCConfigurationList section */
		B31AE93C1CE6F9500044DC92 /* Build configuration list for PBXProject "test_paop_ap" */ = {
			isa = XCConfigurationList;
			buildConfigurations = (
				B31AE9691CE6F9500044DC92 /* Debug */,
				B31AE96A1CE6F9500044DC92 /* Release */,
			);
			defaultConfigurationIsVisible = 0;
			defaultConfigurationName = Release;
		};
		B31AE96B1CE6F9500044DC92 /* Build configuration list for PBXNativeTarget "test_paop_ap" */ = {
			isa = XCConfigurationList;
			buildConfigurations = (
				B31AE96C1CE6F9500044DC92 /* Debug */,
				B31AE96D1CE6F9500044DC92 /* Release */,
			);
			defaultConfigurationIsVisible = 0;
		};
		B31AE96E1CE6F9500044DC92 /* Build configuration list for PBXNativeTarget "test_paop_apTests" */ = {
			isa = XCConfigurationList;
			buildConfigurations = (
				B31AE96F1CE6F9500044DC92 /* Debug */,
				B31AE9701CE6F9500044DC92 /* Release */,
			);
			defaultConfigurationIsVisible = 0;
		};
		B31AE9711CE6F9500044DC92 /* Build configuration list for PBXNativeTarget "test_paop_apUITests" */ = {
			isa = XCConfigurationList;
			buildConfigurations = (
				B31AE9721CE6F9500044DC92 /* Debug */,
				B31AE9731CE6F9500044DC92 /* Release */,
			);
			defaultConfigurationIsVisible = 0;
		};
/* End XCConfigurationList section */
	};
	rootObject = B31AE9391CE6F9500044DC92 /* Project object */;
}
